
Microsoft Visual Studio Solution File, Format Version 12.00
# Visual Studio Version 17
VisualStudioVersion = 17.0.31903.59
MinimumVisualStudioVersion = 10.0.40219.1
Project("{2150E333-8FDC-42A3-9474-1A3956D46DE8}") = "src", "src", "{A1B2C3D4-E5F6-7890-ABCD-EF1234567890}"
EndProject
Project("{FAE04EC0-301F-11D3-BF4B-00C04F79EFBC}") = "MDKOSS.Core", "src\MDKOSS.Core\MDKOSS.Core.csproj", "{C1D2E3F4-A5B6-7890-CDEF-123456789ABC}"
EndProject
Project("{FAE04EC0-301F-11D3-BF4B-00C04F79EFBC}") = "MDKOSS.Extensions", "src\MDKOSS.Extensions\MDKOSS.Extensions.csproj", "{D2E3F4A5-B6C7-8901-DEF0-234567890BCD}"
EndProject
Project("{FAE04EC0-301F-11D3-BF4B-00C04F79EFBC}") = "MDKOSS.Drivers.Sim", "src\MDKOSS.Drivers.Sim\MDKOSS.Drivers.Sim.csproj", "{D7E8F9A0-B1C2-3456-DEF0-789012345F23}"
EndProject
Project("{FAE04EC0-301F-11D3-BF4B-00C04F79EFBC}") = "MDKOSS.Drivers.Gts", "src\MDKOSS.Drivers.Gts\MDKOSS.Drivers.Gts.csproj", "{E8F9A0B1-C2D3-4567-EF01-890123456F34}"
EndProject
Project("{FAE04EC0-301F-11D3-BF4B-00C04F79EFBC}") = "MDKOSS.Drivers.Dmc", "src\MDKOSS.Drivers.Dmc\MDKOSS.Drivers.Dmc.csproj", "{F9A0B1C2-D3E4-5678-F012-901234567F45}"
EndProject
Project("{FAE04EC0-301F-11D3-BF4B-00C04F79EFBC}") = "MDKOSS.Extensions.Serial", "src\MDKOSS.Extensions.Serial\MDKOSS.Extensions.Serial.csproj", "{B5C6D7E8-F9A0-1234-BCDE-567890123F01}"
EndProject
Project("{FAE04EC0-301F-11D3-BF4B-00C04F79EFBC}") = "MDKOSS.Extensions.Tcp", "src\MDKOSS.Extensions.Tcp\MDKOSS.Extensions.Tcp.csproj", "{C6D7E8F9-A0B1-2345-CDEF-678901234F12}"
EndProject
Project("{FAE04EC0-301F-11D3-BF4B-00C04F79EFBC}") = "MDKOSS.Extensions.Mysql", "src\MDKOSS.Extensions.Mysql\MDKOSS.Extensions.Mysql.csproj", "{8F4C1A2B-3D5E-4F67-8901-A2B3C4D5E6F7}"
EndProject
Project("{FAE04EC0-301F-11D3-BF4B-00C04F79EFBC}") = "MDKOSS.Pnp", "examples\pnp\MDKOSS.Pnp.csproj", "{E3F4A5B6-C7D8-9012-EF01-345678901CDE}"
EndProject
Project("{FAE04EC0-301F-11D3-BF4B-00C04F79EFBC}") = "MDKOSS.Extensions.Camera", "src\MDKOSS.Extensions.Camera\MDKOSS.Extensions.Camera.csproj", "{A4B5C6D7-E8F9-0123-ABCD-456789012EF0}"
EndProject
Project("{FAE04EC0-301F-11D3-BF4B-00C04F79EFBC}") = "MDKOSS.Extensions.PyScript", "src\MDKOSS.Extensions.PyScript\MDKOSS.Extensions.PyScript.csproj", "{B5C6D7E8-F9A0-1234-BCDE-567890ABCDE1}"
EndProject
Project("{FAE04EC0-301F-11D3-BF4B-00C04F79EFBC}") = "MDKOSS.Cef", "src\MDKOSS.Cef\MDKOSS.Cef.csproj", "{02C238D0-F893-49F2-9FAD-B38496E9EBF0}"
EndProject
Project("{FAE04EC0-301F-11D3-BF4B-00C04F79EFBC}") = "MDKOSS.Cef.Sample", "src\MDKOSS.Cef.Sample\MDKOSS.Cef.Sample.csproj", "{7F3A91C2-4E8B-4D5A-9C1E-2B6D8F0A4E33}"
EndProject
Project("{FAE04EC0-301F-11D3-BF4B-00C04F79EFBC}") = "MDKOSS.Sample", "src\MDKOSS.Sample\MDKOSS.Sample.csproj", "{1A2B3C4D-5E6F-7890-ABCD-EF1234567890}"
EndProject
Project("{FAE04EC0-301F-11D3-BF4B-00C04F79EFBC}") = "MDKOSS.Sample.Dispenser", "src\MDKOSS.Sample.Dispenser\MDKOSS.Sample.Dispenser.csproj", "{3C8E1F2A-9B4D-4E6C-A7D8-1F2B3C4D5E6F}"
EndProject
Project("{2150E333-8FDC-42A3-9474-1A3956D46DE8}") = "tests", "tests", "{CB61D086-B1B9-47F7-AECE-39A5816247A2}"
EndProject
Project("{FAE04EC0-301F-11D3-BF4B-00C04F79EFBC}") = "MDKOSS.Tests", "tests\MDKOSS.Tests\MDKOSS.Tests.csproj", "{610C6A01-2BDF-4BE8-BDA1-0E00FC2DC254}"
EndProject
Project("{2150E333-8FDC-42A3-9474-1A3956D46DE8}") = "examples", "examples", "{546F4214-EEB7-43C0-8085-E5392392370B}"
EndProject
Project("{FAE04EC0-301F-11D3-BF4B-00C04F79EFBC}") = "MDKOSS.Config.Wpf", "src\MDKOSS.Config.Wpf\MDKOSS.Config.Wpf.csproj", "{02BB5346-B63D-445F-B3F6-3D99A2CC2A9A}"
EndProject
Project("{FAE04EC0-301F-11D3-BF4B-00C04F79EFBC}") = "MDKOSS.Extensions.ModServer", "src\MDKOSS.Extensions.ModServer\MDKOSS.Extensions.ModServer.csproj", "{132E7550-CA34-4786-8FC1-EA39E26EA032}"
EndProject
Global
	GlobalSection(SolutionConfigurationPlatforms) = preSolution
		Debug|Any CPU = Debug|Any CPU
		Release|Any CPU = Release|Any CPU
	EndGlobalSection
	GlobalSection(ProjectConfigurationPlatforms) = postSolution
		{C1D2E3F4-A5B6-7890-CDEF-123456789ABC}.Debug|Any CPU.ActiveCfg = Debug|Any CPU
		{C1D2E3F4-A5B6-7890-CDEF-123456789ABC}.Debug|Any CPU.Build.0 = Debug|Any CPU
		{C1D2E3F4-A5B6-7890-CDEF-123456789ABC}.Release|Any CPU.ActiveCfg = Release|Any CPU
		{C1D2E3F4-A5B6-7890-CDEF-123456789ABC}.Release|Any CPU.Build.0 = Release|Any CPU
		{D2E3F4A5-B6C7-8901-DEF0-234567890BCD}.Debug|Any CPU.ActiveCfg = Debug|Any CPU
		{D2E3F4A5-B6C7-8901-DEF0-234567890BCD}.Debug|Any CPU.Build.0 = Debug|Any CPU
		{D2E3F4A5-B6C7-8901-DEF0-234567890BCD}.Release|Any CPU.ActiveCfg = Release|Any CPU
		{D2E3F4A5-B6C7-8901-DEF0-234567890BCD}.Release|Any CPU.Build.0 = Release|Any CPU
		{D7E8F9A0-B1C2-3456-DEF0-789012345F23}.Debug|Any CPU.ActiveCfg = Debug|Any CPU
		{D7E8F9A0-B1C2-3456-DEF0-789012345F23}.Debug|Any CPU.Build.0 = Debug|Any CPU
		{D7E8F9A0-B1C2-3456-DEF0-789012345F23}.Release|Any CPU.ActiveCfg = Release|Any CPU
		{D7E8F9A0-B1C2-3456-DEF0-789012345F23}.Release|Any CPU.Build.0 = Release|Any CPU
		{E8F9A0B1-C2D3-4567-EF01-890123456F34}.Debug|Any CPU.ActiveCfg = Debug|Any CPU
		{E8F9A0B1-C2D3-4567-EF01-890123456F34}.Debug|Any CPU.Build.0 = Debug|Any CPU
		{E8F9A0B1-C2D3-4567-EF01-890123456F34}.Release|Any CPU.ActiveCfg = Release|Any CPU
		{E8F9A0B1-C2D3-4567-EF01-890123456F34}.Release|Any CPU.Build.0 = Release|Any CPU
		{F9A0B1C2-D3E4-5678-F012-901234567F45}.Debug|Any CPU.ActiveCfg = Debug|Any CPU
		{F9A0B1C2-D3E4-5678-F012-901234567F45}.Debug|Any CPU.Build.0 = Debug|Any CPU
		{F9A0B1C2-D3E4-5678-F012-901234567F45}.Release|Any CPU.ActiveCfg = Release|Any CPU
		{F9A0B1C2-D3E4-5678-F012-901234567F45}.Release|Any CPU.Build.0 = Release|Any CPU
		{B5C6D7E8-F9A0-1234-BCDE-567890123F01}.Debug|Any CPU.ActiveCfg = Debug|Any CPU
		{B5C6D7E8-F9A0-1234-BCDE-567890123F01}.Debug|Any CPU.Build.0 = Debug|Any CPU
		{B5C6D7E8-F9A0-1234-BCDE-567890123F01}.Release|Any CPU.ActiveCfg = Release|Any CPU
		{B5C6D7E8-F9A0-1234-BCDE-567890123F01}.Release|Any CPU.Build.0 = Release|Any CPU
		{C6D7E8F9-A0B1-2345-CDEF-678901234F12}.Debug|Any CPU.ActiveCfg = Debug|Any CPU
		{C6D7E8F9-A0B1-2345-CDEF-678901234F12}.Debug|Any CPU.Build.0 = Debug|Any CPU
		{C6D7E8F9-A0B1-2345-CDEF-678901234F12}.Release|Any CPU.ActiveCfg = Release|Any CPU
		{C6D7E8F9-A0B1-2345-CDEF-678901234F12}.Release|Any CPU.Build.0 = Release|Any CPU
		{8F4C1A2B-3D5E-4F67-8901-A2B3C4D5E6F7}.Debug|Any CPU.ActiveCfg = Debug|Any CPU
		{8F4C1A2B-3D5E-4F67-8901-A2B3C4D5E6F7}.Debug|Any CPU.Build.0 = Debug|Any CPU
		{8F4C1A2B-3D5E-4F67-8901-A2B3C4D5E6F7}.Release|Any CPU.ActiveCfg = Release|Any CPU
		{8F4C1A2B-3D5E-4F67-8901-A2B3C4D5E6F7}.Release|Any CPU.Build.0 = Release|Any CPU
		{E3F4A5B6-C7D8-9012-EF01-345678901CDE}.Debug|Any CPU.ActiveCfg = Debug|Any CPU
		{E3F4A5B6-C7D8-9012-EF01-345678901CDE}.Debug|Any CPU.Build.0 = Debug|Any CPU
		{E3F4A5B6-C7D8-9012-EF01-345678901CDE}.Release|Any CPU.ActiveCfg = Release|Any CPU
		{E3F4A5B6-C7D8-9012-EF01-345678901CDE}.Release|Any CPU.Build.0 = Release|Any CPU
		{A4B5C6D7-E8F9-0123-ABCD-456789012EF0}.Debug|Any CPU.ActiveCfg = Debug|Any CPU
		{A4B5C6D7-E8F9-0123-ABCD-456789012EF0}.Debug|Any CPU.Build.0 = Debug|Any CPU
		{A4B5C6D7-E8F9-0123-ABCD-456789012EF0}.Release|Any CPU.ActiveCfg = Release|Any CPU
		{A4B5C6D7-E8F9-0123-ABCD-456789012EF0}.Release|Any CPU.Build.0 = Release|Any CPU
		{B5C6D7E8-F9A0-1234-BCDE-567890ABCDE1}.Debug|Any CPU.ActiveCfg = Debug|Any CPU
		{B5C6D7E8-F9A0-1234-BCDE-567890ABCDE1}.Debug|Any CPU.Build.0 = Debug|Any CPU
		{B5C6D7E8-F9A0-1234-BCDE-567890ABCDE1}.Release|Any CPU.ActiveCfg = Release|Any CPU
		{B5C6D7E8-F9A0-1234-BCDE-567890ABCDE1}.Release|Any CPU.Build.0 = Release|Any CPU
		{02C238D0-F893-49F2-9FAD-B38496E9EBF0}.Debug|Any CPU.ActiveCfg = Debug|Any CPU
		{02C238D0-F893-49F2-9FAD-B38496E9EBF0}.Debug|Any CPU.Build.0 = Debug|Any CPU
		{02C238D0-F893-49F2-9FAD-B38496E9EBF0}.Release|Any CPU.ActiveCfg = Release|Any CPU
		{02C238D0-F893-49F2-9FAD-B38496E9EBF0}.Release|Any CPU.Build.0 = Release|Any CPU
		{7F3A91C2-4E8B-4D5A-9C1E-2B6D8F0A4E33}.Debug|Any CPU.ActiveCfg = Debug|Any CPU
		{7F3A91C2-4E8B-4D5A-9C1E-2B6D8F0A4E33}.Debug|Any CPU.Build.0 = Debug|Any CPU
		{7F3A91C2-4E8B-4D5A-9C1E-2B6D8F0A4E33}.Release|Any CPU.ActiveCfg = Release|Any CPU
		{7F3A91C2-4E8B-4D5A-9C1E-2B6D8F0A4E33}.Release|Any CPU.Build.0 = Release|Any CPU
		{1A2B3C4D-5E6F-7890-ABCD-EF1234567890}.Debug|Any CPU.ActiveCfg = Debug|Any CPU
		{1A2B3C4D-5E6F-7890-ABCD-EF1234567890}.Debug|Any CPU.Build.0 = Debug|Any CPU
		{1A2B3C4D-5E6F-7890-ABCD-EF1234567890}.Release|Any CPU.ActiveCfg = Release|Any CPU
		{1A2B3C4D-5E6F-7890-ABCD-EF1234567890}.Release|Any CPU.Build.0 = Release|Any CPU
		{3C8E1F2A-9B4D-4E6C-A7D8-1F2B3C4D5E6F}.Debug|Any CPU.ActiveCfg = Debug|Any CPU
		{3C8E1F2A-9B4D-4E6C-A7D8-1F2B3C4D5E6F}.Debug|Any CPU.Build.0 = Debug|Any CPU
		{3C8E1F2A-9B4D-4E6C-A7D8-1F2B3C4D5E6F}.Release|Any CPU.ActiveCfg = Release|Any CPU
		{3C8E1F2A-9B4D-4E6C-A7D8-1F2B3C4D5E6F}.Release|Any CPU.Build.0 = Release|Any CPU
		{610C6A01-2BDF-4BE8-BDA1-0E00FC2DC254}.Debug|Any CPU.ActiveCfg = Debug|Any CPU
		{610C6A01-2BDF-4BE8-BDA1-0E00FC2DC254}.Debug|Any CPU.Build.0 = Debug|Any CPU
		{610C6A01-2BDF-4BE8-BDA1-0E00FC2DC254}.Release|Any CPU.ActiveCfg = Release|Any CPU
		{610C6A01-2BDF-4BE8-BDA1-0E00FC2DC254}.Release|Any CPU.Build.0 = Release|Any CPU
		{02BB5346-B63D-445F-B3F6-3D99A2CC2A9A}.Debug|Any CPU.ActiveCfg = Debug|Any CPU
		{02BB5346-B63D-445F-B3F6-3D99A2CC2A9A}.Debug|Any CPU.Build.0 = Debug|Any CPU
		{02BB5346-B63D-445F-B3F6-3D99A2CC2A9A}.Release|Any CPU.ActiveCfg = Release|Any CPU
		{02BB5346-B63D-445F-B3F6-3D99A2CC2A9A}.Release|Any CPU.Build.0 = Release|Any CPU
		{132E7550-CA34-4786-8FC1-EA39E26EA032}.Debug|Any CPU.ActiveCfg = Debug|Any CPU
		{132E7550-CA34-4786-8FC1-EA39E26EA032}.Debug|Any CPU.Build.0 = Debug|Any CPU
		{132E7550-CA34-4786-8FC1-EA39E26EA032}.Release|Any CPU.ActiveCfg = Release|Any CPU
		{132E7550-CA34-4786-8FC1-EA39E26EA032}.Release|Any CPU.Build.0 = Release|Any CPU
	EndGlobalSection
	GlobalSection(SolutionProperties) = preSolution
		HideSolutionNode = FALSE
	EndGlobalSection
	GlobalSection(NestedProjects) = preSolution
		{C1D2E3F4-A5B6-7890-CDEF-123456789ABC} = {A1B2C3D4-E5F6-7890-ABCD-EF1234567890}
		{D2E3F4A5-B6C7-8901-DEF0-234567890BCD} = {A1B2C3D4-E5F6-7890-ABCD-EF1234567890}
		{D7E8F9A0-B1C2-3456-DEF0-789012345F23} = {A1B2C3D4-E5F6-7890-ABCD-EF1234567890}
		{E8F9A0B1-C2D3-4567-EF01-890123456F34} = {A1B2C3D4-E5F6-7890-ABCD-EF1234567890}
		{F9A0B1C2-D3E4-5678-F012-901234567F45} = {A1B2C3D4-E5F6-7890-ABCD-EF1234567890}
		{B5C6D7E8-F9A0-1234-BCDE-567890123F01} = {A1B2C3D4-E5F6-7890-ABCD-EF1234567890}
		{C6D7E8F9-A0B1-2345-CDEF-678901234F12} = {A1B2C3D4-E5F6-7890-ABCD-EF1234567890}
		{8F4C1A2B-3D5E-4F67-8901-A2B3C4D5E6F7} = {A1B2C3D4-E5F6-7890-ABCD-EF1234567890}
		{E3F4A5B6-C7D8-9012-EF01-345678901CDE} = {546F4214-EEB7-43C0-8085-E5392392370B}
		{A4B5C6D7-E8F9-0123-ABCD-456789012EF0} = {A1B2C3D4-E5F6-7890-ABCD-EF1234567890}
		{B5C6D7E8-F9A0-1234-BCDE-567890ABCDE1} = {A1B2C3D4-E5F6-7890-ABCD-EF1234567890}
		{02C238D0-F893-49F2-9FAD-B38496E9EBF0} = {A1B2C3D4-E5F6-7890-ABCD-EF1234567890}
		{7F3A91C2-4E8B-4D5A-9C1E-2B6D8F0A4E33} = {546F4214-EEB7-43C0-8085-E5392392370B}
		{1A2B3C4D-5E6F-7890-ABCD-EF1234567890} = {546F4214-EEB7-43C0-8085-E5392392370B}
		{3C8E1F2A-9B4D-4E6C-A7D8-1F2B3C4D5E6F} = {546F4214-EEB7-43C0-8085-E5392392370B}
		{610C6A01-2BDF-4BE8-BDA1-0E00FC2DC254} = {CB61D086-B1B9-47F7-AECE-39A5816247A2}
		{02BB5346-B63D-445F-B3F6-3D99A2CC2A9A} = {A1B2C3D4-E5F6-7890-ABCD-EF1234567890}
		{132E7550-CA34-4786-8FC1-EA39E26EA032} = {A1B2C3D4-E5F6-7890-ABCD-EF1234567890}
	EndGlobalSection
EndGlobal
